
Microsoft Visual Studio Solution File, Format Version 12.00
# Visual Studio Version 17
VisualStudioVersion = 17.7.34202.233
MinimumVisualStudioVersion = 10.0.40219.1
Project("{FAE04EC0-301F-11D3-BF4B-00C04F79EFBC}") = "Gorilla Wordle", "Gorilla Wordle\Gorilla Wordle.csproj", "{9752909C-CDD5-4027-9A94-916E9684879F}"
EndProject
Global
	GlobalSection(SolutionConfigurationPlatforms) = preSolution
		Debug|Any CPU = Debug|Any CPU
		Release|Any CPU = Release|Any CPU
	EndGlobalSection
	GlobalSection(ProjectConfigurationPlatforms) = postSolution
		{9752909C-CDD5-4027-9A94-916E9684879F}.Debug|Any CPU.ActiveCfg = Debug|Any CPU
		{9752909C-CDD5-4027-9A94-916E9684879F}.Debug|Any CPU.Build.0 = Debug|Any CPU
		{9752909C-CDD5-4027-9A94-916E9684879F}.Release|Any CPU.ActiveCfg = Release|Any CPU
		{9752909C-CDD5-4027-9A94-916E9684879F}.Release|Any CPU.Build.0 = Release|Any CPU
	EndGlobalSection
	GlobalSection(SolutionProperties) = preSolution
		HideSolutionNode = FALSE
	EndGlobalSection
	GlobalSection(ExtensibilityGlobals) = postSolution
		SolutionGuid = {68A8DBF4-997E-4EC9-AB6F-8358A1A550EE}
	EndGlobalSection
EndGlobal
